// !$*UTF8*$!
{
	archiveVersion = 1;
	classes = {
	};
	objectVersion = 50;
	objects = {

/* Begin PBXBuildFile section */
		710A82A63E3C298754DE4311 /* Pods_openweathertest.framework in Frameworks */ = {isa = PBXBuildFile; fileRef = E0CE53364E040E41F25DB022 /* Pods_openweathertest.framework */; };
		ED04FAB421564676005EA7FC /* CityModel.swift in Sources */ = {isa = PBXBuildFile; fileRef = ED04FAB321564676005EA7FC /* CityModel.swift */; };
		ED04FAB921564ABB005EA7FC /* CityManager.swift in Sources */ = {isa = PBXBuildFile; fileRef = ED04FAB821564ABB005EA7FC /* CityManager.swift */; };
		ED1944802157A40200657B2A /* CityCollectionViewCell.swift in Sources */ = {isa = PBXBuildFile; fileRef = ED19447F2157A40200657B2A /* CityCollectionViewCell.swift */; };
		ED5C43CD2157AC460002F8C1 /* city.list.json in Resources */ = {isa = PBXBuildFile; fileRef = ED5C43CC2157AC450002F8C1 /* city.list.json */; };
		ED5C43CF2157D3DA0002F8C1 /* CityTableViewCell.swift in Sources */ = {isa = PBXBuildFile; fileRef = ED5C43CE2157D3DA0002F8C1 /* CityTableViewCell.swift */; };
		ED77490E215633F500E16BBF /* AppDelegate.swift in Sources */ = {isa = PBXBuildFile; fileRef = ED77490D215633F500E16BBF /* AppDelegate.swift */; };
		ED774910215633F500E16BBF /* CitiesViewController.swift in Sources */ = {isa = PBXBuildFile; fileRef = ED77490F215633F500E16BBF /* CitiesViewController.swift */; };
		ED774913215633F500E16BBF /* Main.storyboard in Resources */ = {isa = PBXBuildFile; fileRef = ED774911215633F500E16BBF /* Main.storyboard */; };
		ED774915215633F800E16BBF /* Assets.xcassets in Resources */ = {isa = PBXBuildFile; fileRef = ED774914215633F800E16BBF /* Assets.xcassets */; };
		ED774918215633F800E16BBF /* LaunchScreen.storyboard in Resources */ = {isa = PBXBuildFile; fileRef = ED774916215633F800E16BBF /* LaunchScreen.storyboard */; };
		EDD0C259215679FD00E4FB6E /* UIStoryboardExtensions.swift in Sources */ = {isa = PBXBuildFile; fileRef = EDD0C257215679FD00E4FB6E /* UIStoryboardExtensions.swift */; };
		EDD0C25A215679FD00E4FB6E /* UIViewControllerExtensions.swift in Sources */ = {isa = PBXBuildFile; fileRef = EDD0C258215679FD00E4FB6E /* UIViewControllerExtensions.swift */; };
		EDD0C25D2156893900E4FB6E /* AddCityViewController.swift in Sources */ = {isa = PBXBuildFile; fileRef = EDD0C25C2156893900E4FB6E /* AddCityViewController.swift */; };
/* End PBXBuildFile section */

/* Begin PBXFileReference section */
		3E01E9DBBD81BC52FDEA2D68 /* Pods-openweathertest.debug.xcconfig */ = {isa = PBXFileReference; includeInIndex = 1; lastKnownFileType = text.xcconfig; name = "Pods-openweathertest.debug.xcconfig"; path = "Pods/Target Support Files/Pods-openweathertest/Pods-openweathertest.debug.xcconfig"; sourceTree = "<group>"; };
		BE42568321CD3D36CCE17376 /* Pods-openweathertest.release.xcconfig */ = {isa = PBXFileReference; includeInIndex = 1; lastKnownFileType = text.xcconfig; name = "Pods-openweathertest.release.xcconfig"; path = "Pods/Target Support Files/Pods-openweathertest/Pods-openweathertest.release.xcconfig"; sourceTree = "<group>"; };
		E0CE53364E040E41F25DB022 /* Pods_openweathertest.framework */ = {isa = PBXFileReference; explicitFileType = wrapper.framework; includeInIndex = 0; path = Pods_openweathertest.framework; sourceTree = BUILT_PRODUCTS_DIR; };
		ED04FAB321564676005EA7FC /* CityModel.swift */ = {isa = PBXFileReference; lastKnownFileType = sourcecode.swift; path = CityModel.swift; sourceTree = "<group>"; };
		ED04FAB821564ABB005EA7FC /* CityManager.swift */ = {isa = PBXFileReference; lastKnownFileType = sourcecode.swift; path = CityManager.swift; sourceTree = "<group>"; };
		ED19447F2157A40200657B2A /* CityCollectionViewCell.swift */ = {isa = PBXFileReference; lastKnownFileType = sourcecode.swift; path = CityCollectionViewCell.swift; sourceTree = "<group>"; };
		ED5C43CC2157AC450002F8C1 /* city.list.json */ = {isa = PBXFileReference; fileEncoding = 4; lastKnownFileType = text.json; path = city.list.json; sourceTree = "<group>"; };
		ED5C43CE2157D3DA0002F8C1 /* CityTableViewCell.swift */ = {isa = PBXFileReference; lastKnownFileType = sourcecode.swift; path = CityTableViewCell.swift; sourceTree = "<group>"; };
		ED77490A215633F500E16BBF /* openweathertest.app */ = {isa = PBXFileReference; explicitFileType = wrapper.application; includeInIndex = 0; path = openweathertest.app; sourceTree = BUILT_PRODUCTS_DIR; };
		ED77490D215633F500E16BBF /* AppDelegate.swift */ = {isa = PBXFileReference; lastKnownFileType = sourcecode.swift; path = AppDelegate.swift; sourceTree = "<group>"; };
		ED77490F215633F500E16BBF /* CitiesViewController.swift */ = {isa = PBXFileReference; lastKnownFileType = sourcecode.swift; path = CitiesViewController.swift; sourceTree = "<group>"; };
		ED774912215633F500E16BBF /* Base */ = {isa = PBXFileReference; lastKnownFileType = file.storyboard; name = Base; path = Base.lproj/Main.storyboard; sourceTree = "<group>"; };
		ED774914215633F800E16BBF /* Assets.xcassets */ = {isa = PBXFileReference; lastKnownFileType = folder.assetcatalog; path = Assets.xcassets; sourceTree = "<group>"; };
		ED774917215633F800E16BBF /* Base */ = {isa = PBXFileReference; lastKnownFileType = file.storyboard; name = Base; path = Base.lproj/LaunchScreen.storyboard; sourceTree = "<group>"; };
		ED774919215633F800E16BBF /* Info.plist */ = {isa = PBXFileReference; lastKnownFileType = text.plist.xml; path = Info.plist; sourceTree = "<group>"; };
		EDD0C257215679FD00E4FB6E /* UIStoryboardExtensions.swift */ = {isa = PBXFileReference; fileEncoding = 4; lastKnownFileType = sourcecode.swift; path = UIStoryboardExtensions.swift; sourceTree = "<group>"; };
		EDD0C258215679FD00E4FB6E /* UIViewControllerExtensions.swift */ = {isa = PBXFileReference; fileEncoding = 4; lastKnownFileType = sourcecode.swift; path = UIViewControllerExtensions.swift; sourceTree = "<group>"; };
		EDD0C25C2156893900E4FB6E /* AddCityViewController.swift */ = {isa = PBXFileReference; lastKnownFileType = sourcecode.swift; path = AddCityViewController.swift; sourceTree = "<group>"; };
/* End PBXFileReference section */

/* Begin PBXFrameworksBuildPhase section */
		ED774907215633F500E16BBF /* Frameworks */ = {
			isa = PBXFrameworksBuildPhase;
			buildActionMask = 2147483647;
			files = (
				710A82A63E3C298754DE4311 /* Pods_openweathertest.framework in Frameworks */,
			);
			runOnlyForDeploymentPostprocessing = 0;
		};
/* End PBXFrameworksBuildPhase section */

/* Begin PBXGroup section */
		4FA1E693ABE210CE51ED7635 /* Frameworks */ = {
			isa = PBXGroup;
			children = (
				E0CE53364E040E41F25DB022 /* Pods_openweathertest.framework */,
			);
			name = Frameworks;
			sourceTree = "<group>";
		};
		8E46D80EA694BCE62872F6D7 /* Pods */ = {
			isa = PBXGroup;
			children = (
				3E01E9DBBD81BC52FDEA2D68 /* Pods-openweathertest.debug.xcconfig */,
				BE42568321CD3D36CCE17376 /* Pods-openweathertest.release.xcconfig */,
			);
			name = Pods;
			sourceTree = "<group>";
		};
		ED04FAB22156465E005EA7FC /* Models */ = {
			isa = PBXGroup;
			children = (
				ED04FAB321564676005EA7FC /* CityModel.swift */,
			);
			path = Models;
			sourceTree = "<group>";
		};
		ED04FAB721564AA7005EA7FC /* Managers */ = {
			isa = PBXGroup;
			children = (
				ED04FAB821564ABB005EA7FC /* CityManager.swift */,
			);
			path = Managers;
			sourceTree = "<group>";
		};
		ED19447E2157A3E600657B2A /* Cells */ = {
			isa = PBXGroup;
			children = (
				ED19447F2157A40200657B2A /* CityCollectionViewCell.swift */,
				ED5C43CE2157D3DA0002F8C1 /* CityTableViewCell.swift */,
			);
			path = Cells;
			sourceTree = "<group>";
		};
		ED774901215633F500E16BBF = {
			isa = PBXGroup;
			children = (
				ED77490C215633F500E16BBF /* openweathertest */,
				ED77490B215633F500E16BBF /* Products */,
				8E46D80EA694BCE62872F6D7 /* Pods */,
				4FA1E693ABE210CE51ED7635 /* Frameworks */,
			);
			sourceTree = "<group>";
		};
		ED77490B215633F500E16BBF /* Products */ = {
			isa = PBXGroup;
			children = (
				ED77490A215633F500E16BBF /* openweathertest.app */,
			);
			name = Products;
			sourceTree = "<group>";
		};
		ED77490C215633F500E16BBF /* openweathertest */ = {
			isa = PBXGroup;
			children = (
				ED77490D215633F500E16BBF /* AppDelegate.swift */,
				EDD0C255215679C100E4FB6E /* Extensions */,
				ED04FAB22156465E005EA7FC /* Models */,
				EDD0C25B21567A1200E4FB6E /* Controllers */,
				ED04FAB721564AA7005EA7FC /* Managers */,
				ED19447E2157A3E600657B2A /* Cells */,
				ED774911215633F500E16BBF /* Main.storyboard */,
				ED5C43CC2157AC450002F8C1 /* city.list.json */,
				ED774914215633F800E16BBF /* Assets.xcassets */,
				ED774916215633F800E16BBF /* LaunchScreen.storyboard */,
				ED774919215633F800E16BBF /* Info.plist */,
			);
			path = openweathertest;
			sourceTree = "<group>";
		};
		EDD0C255215679C100E4FB6E /* Extensions */ = {
			isa = PBXGroup;
			children = (
				EDD0C257215679FD00E4FB6E /* UIStoryboardExtensions.swift */,
				EDD0C258215679FD00E4FB6E /* UIViewControllerExtensions.swift */,
			);
			path = Extensions;
			sourceTree = "<group>";
		};
		EDD0C25B21567A1200E4FB6E /* Controllers */ = {
			isa = PBXGroup;
			children = (
				ED77490F215633F500E16BBF /* CitiesViewController.swift */,
				EDD0C25C2156893900E4FB6E /* AddCityViewController.swift */,
			);
			path = Controllers;
			sourceTree = "<group>";
		};
/* End PBXGroup section */

/* Begin PBXNativeTarget section */
		ED774909215633F500E16BBF /* openweathertest */ = {
			isa = PBXNativeTarget;
			buildConfigurationList = ED77491C215633F800E16BBF /* Build configuration list for PBXNativeTarget "openweathertest" */;
			buildPhases = (
				23676A88BEF3215D73643C66 /* [CP] Check Pods Manifest.lock */,
				ED774906215633F500E16BBF /* Sources */,
				ED774907215633F500E16BBF /* Frameworks */,
				ED774908215633F500E16BBF /* Resources */,
				9ED5FD91C253A6B6B28F24C1 /* [CP] Embed Pods Frameworks */,
			);
			buildRules = (
			);
			dependencies = (
			);
			name = openweathertest;
			productName = openweathertest;
			productReference = ED77490A215633F500E16BBF /* openweathertest.app */;
			productType = "com.apple.product-type.application";
		};
/* End PBXNativeTarget section */

/* Begin PBXProject section */
		ED774902215633F500E16BBF /* Project object */ = {
			isa = PBXProject;
			attributes = {
				LastSwiftUpdateCheck = 0940;
				LastUpgradeCheck = 0940;
				ORGANIZATIONNAME = Godjira;
				TargetAttributes = {
					ED774909215633F500E16BBF = {
						CreatedOnToolsVersion = 9.4.1;
					};
				};
			};
			buildConfigurationList = ED774905215633F500E16BBF /* Build configuration list for PBXProject "openweathertest" */;
			compatibilityVersion = "Xcode 9.3";
			developmentRegion = en;
			hasScannedForEncodings = 0;
			knownRegions = (
				en,
				Base,
			);
			mainGroup = ED774901215633F500E16BBF;
			productRefGroup = ED77490B215633F500E16BBF /* Products */;
			projectDirPath = "";
			projectRoot = "";
			targets = (
				ED774909215633F500E16BBF /* openweathertest */,
			);
		};
/* End PBXProject section */

/* Begin PBXResourcesBuildPhase section */
		ED774908215633F500E16BBF /* Resources */ = {
			isa = PBXResourcesBuildPhase;
			buildActionMask = 2147483647;
			files = (
				ED774918215633F800E16BBF /* LaunchScreen.storyboard in Resources */,
				ED5C43CD2157AC460002F8C1 /* city.list.json in Resources */,
				ED774915215633F800E16BBF /* Assets.xcassets in Resources */,
				ED774913215633F500E16BBF /* Main.storyboard in Resources */,
			);
			runOnlyForDeploymentPostprocessing = 0;
		};
/* End PBXResourcesBuildPhase section */

/* Begin PBXShellScriptBuildPhase section */
		23676A88BEF3215D73643C66 /* [CP] Check Pods Manifest.lock */ = {
			isa = PBXShellScriptBuildPhase;
			buildActionMask = 2147483647;
			files = (
			);
			inputPaths = (
				"${PODS_PODFILE_DIR_PATH}/Podfile.lock",
				"${PODS_ROOT}/Manifest.lock",
			);
			name = "[CP] Check Pods Manifest.lock";
			outputPaths = (
				"$(DERIVED_FILE_DIR)/Pods-openweathertest-checkManifestLockResult.txt",
			);
			runOnlyForDeploymentPostprocessing = 0;
			shellPath = /bin/sh;
			shellScript = "diff \"${PODS_PODFILE_DIR_PATH}/Podfile.lock\" \"${PODS_ROOT}/Manifest.lock\" > /dev/null\nif [ $? != 0 ] ; then\n    # print error to STDERR\n    echo \"error: The sandbox is not in sync with the Podfile.lock. Run 'pod install' or update your CocoaPods installation.\" >&2\n    exit 1\nfi\n# This output is used by Xcode 'outputs' to avoid re-running this script phase.\necho \"SUCCESS\" > \"${SCRIPT_OUTPUT_FILE_0}\"\n";
			showEnvVarsInLog = 0;
		};
		9ED5FD91C253A6B6B28F24C1 /* [CP] Embed Pods Frameworks */ = {
			isa = PBXShellScriptBuildPhase;
			buildActionMask = 2147483647;
			files = (
			);
			inputPaths = (
				"${SRCROOT}/Pods/Target Support Files/Pods-openweathertest/Pods-openweathertest-frameworks.sh",
				"${BUILT_PRODUCTS_DIR}/Alamofire/Alamofire.framework",
				"${BUILT_PRODUCTS_DIR}/SwiftyJSON/SwiftyJSON.framework",
			);
			name = "[CP] Embed Pods Frameworks";
			outputPaths = (
				"${TARGET_BUILD_DIR}/${FRAMEWORKS_FOLDER_PATH}/Alamofire.framework",
				"${TARGET_BUILD_DIR}/${FRAMEWORKS_FOLDER_PATH}/SwiftyJSON.framework",
			);
			runOnlyForDeploymentPostprocessing = 0;
			shellPath = /bin/sh;
			shellScript = "\"${SRCROOT}/Pods/Target Support Files/Pods-openweathertest/Pods-openweathertest-frameworks.sh\"\n";
			showEnvVarsInLog = 0;
		};
/* End PBXShellScriptBuildPhase section */

/* Begin PBXSourcesBuildPhase section */
		ED774906215633F500E16BBF /* Sources */ = {
			isa = PBXSourcesBuildPhase;
			buildActionMask = 2147483647;
			files = (
				ED5C43CF2157D3DA0002F8C1 /* CityTableViewCell.swift in Sources */,
				ED04FAB921564ABB005EA7FC /* CityManager.swift in Sources */,
				EDD0C25D2156893900E4FB6E /* AddCityViewController.swift in Sources */,
				ED774910215633F500E16BBF /* CitiesViewController.swift in Sources */,
				ED77490E215633F500E16BBF /* AppDelegate.swift in Sources */,
				EDD0C259215679FD00E4FB6E /* UIStoryboardExtensions.swift in Sources */,
				EDD0C25A215679FD00E4FB6E /* UIViewControllerExtensions.swift in Sources */,
				ED04FAB421564676005EA7FC /* CityModel.swift in Sources */,
				ED1944802157A40200657B2A /* CityCollectionViewCell.swift in Sources */,
			);
			runOnlyForDeploymentPostprocessing = 0;
		};
/* End PBXSourcesBuildPhase section */

/* Begin PBXVariantGroup section */
		ED774911215633F500E16BBF /* Main.storyboard */ = {
			isa = PBXVariantGroup;
			children = (
				ED774912215633F500E16BBF /* Base */,
			);
			name = Main.storyboard;
			sourceTree = "<group>";
		};
		ED774916215633F800E16BBF /* LaunchScreen.storyboard */ = {
			isa = PBXVariantGroup;
			children = (
				ED774917215633F800E16BBF /* Base */,
			);
			name = LaunchScreen.storyboard;
			sourceTree = "<group>";
		};
/* End PBXVariantGroup section */

/* Begin XCBuildConfiguration section */
		ED77491A215633F800E16BBF /* Debug */ = {
			isa = XCBuildConfiguration;
			buildSettings = {
				ALWAYS_SEARCH_USER_PATHS = NO;
				CLANG_ANALYZER_NONNULL = YES;
				CLANG_ANALYZER_NUMBER_OBJECT_CONVERSION = YES_AGGRESSIVE;
				CLANG_CXX_LANGUAGE_STANDARD = "gnu++14";
				CLANG_CXX_LIBRARY = "libc++";
				CLANG_ENABLE_MODULES = YES;
				CLANG_ENABLE_OBJC_ARC = YES;
				CLANG_ENABLE_OBJC_WEAK = YES;
				CLANG_WARN_BLOCK_CAPTURE_AUTORELEASING = YES;
				CLANG_WARN_BOOL_CONVERSION = YES;
				CLANG_WARN_COMMA = YES;
				CLANG_WARN_CONSTANT_CONVERSION = YES;
				CLANG_WARN_DEPRECATED_OBJC_IMPLEMENTATIONS = YES;
				CLANG_WARN_DIRECT_OBJC_ISA_USAGE = YES_ERROR;
				CLANG_WARN_DOCUMENTATION_COMMENTS = YES;
				CLANG_WARN_EMPTY_BODY = YES;
				CLANG_WARN_ENUM_CONVERSION = YES;
				CLANG_WARN_INFINITE_RECURSION = YES;
				CLANG_WARN_INT_CONVERSION = YES;
				CLANG_WARN_NON_LITERAL_NULL_CONVERSION = YES;
				CLANG_WARN_OBJC_IMPLICIT_RETAIN_SELF = YES;
				CLANG_WARN_OBJC_LITERAL_CONVERSION = YES;
				CLANG_WARN_OBJC_ROOT_CLASS = YES_ERROR;
				CLANG_WARN_RANGE_LOOP_ANALYSIS = YES;
				CLANG_WARN_STRICT_PROTOTYPES = YES;
				CLANG_WARN_SUSPICIOUS_MOVE = YES;
				CLANG_WARN_UNGUARDED_AVAILABILITY = YES_AGGRESSIVE;
				CLANG_WARN_UNREACHABLE_CODE = YES;
				CLANG_WARN__DUPLICATE_METHOD_MATCH = YES;
				CODE_SIGN_IDENTITY = "iPhone Developer";
				COPY_PHASE_STRIP = NO;
				DEBUG_INFORMATION_FORMAT = dwarf;
				ENABLE_STRICT_OBJC_MSGSEND = YES;
				ENABLE_TESTABILITY = YES;
				GCC_C_LANGUAGE_STANDARD = gnu11;
				GCC_DYNAMIC_NO_PIC = NO;
				GCC_NO_COMMON_BLOCKS = YES;
				GCC_OPTIMIZATION_LEVEL = 0;
				GCC_PREPROCESSOR_DEFINITIONS = (
					"DEBUG=1",
					"$(inherited)",
				);
				GCC_WARN_64_TO_32_BIT_CONVERSION = YES;
				GCC_WARN_ABOUT_RETURN_TYPE = YES_ERROR;
				GCC_WARN_UNDECLARED_SELECTOR = YES;
				GCC_WARN_UNINITIALIZED_AUTOS = YES_AGGRESSIVE;
				GCC_WARN_UNUSED_FUNCTION = YES;
				GCC_WARN_UNUSED_VARIABLE = YES;
				IPHONEOS_DEPLOYMENT_TARGET = 11.4;
				MTL_ENABLE_DEBUG_INFO = YES;
				ONLY_ACTIVE_ARCH = YES;
				SDKROOT = iphoneos;
				SWIFT_ACTIVE_COMPILATION_CONDITIONS = DEBUG;
				SWIFT_OPTIMIZATION_LEVEL = "-Onone";
			};
			name = Debug;
		};
		ED77491B215633F800E16BBF /* Release */ = {
			isa = XCBuildConfiguration;
			buildSettings = {
				ALWAYS_SEARCH_USER_PATHS = NO;
				CLANG_ANALYZER_NONNULL = YES;
				CLANG_ANALYZER_NUMBER_OBJECT_CONVERSION = YES_AGGRESSIVE;
				CLANG_CXX_LANGUAGE_STANDARD = "gnu++14";
				CLANG_CXX_LIBRARY = "libc++";
				CLANG_ENABLE_MODULES = YES;
				CLANG_ENABLE_OBJC_ARC = YES;
				CLANG_ENABLE_OBJC_WEAK = YES;
				CLANG_WARN_BLOCK_CAPTURE_AUTORELEASING = YES;
				CLANG_WARN_BOOL_CONVERSION = YES;
				CLANG_WARN_COMMA = YES;
				CLANG_WARN_CONSTANT_CONVERSION = YES;
				CLANG_WARN_DEPRECATED_OBJC_IMPLEMENTATIONS = YES;
				CLANG_WARN_DIRECT_OBJC_ISA_USAGE = YES_ERROR;
				CLANG_WARN_DOCUMENTATION_COMMENTS = YES;
				CLANG_WARN_EMPTY_BODY = YES;
				CLANG_WARN_ENUM_CONVERSION = YES;
				CLANG_WARN_INFINITE_RECURSION = YES;
				CLANG_WARN_INT_CONVERSION = YES;
				CLANG_WARN_NON_LITERAL_NULL_CONVERSION = YES;
				CLANG_WARN_OBJC_IMPLICIT_RETAIN_SELF = YES;
				CLANG_WARN_OBJC_LITERAL_CONVERSION = YES;
				CLANG_WARN_OBJC_ROOT_CLASS = YES_ERROR;
				CLANG_WARN_RANGE_LOOP_ANALYSIS = YES;
				CLANG_WARN_STRICT_PROTOTYPES = YES;
				CLANG_WARN_SUSPICIOUS_MOVE = YES;
				CLANG_WARN_UNGUARDED_AVAILABILITY = YES_AGGRESSIVE;
				CLANG_WARN_UNREACHABLE_CODE = YES;
				CLANG_WARN__DUPLICATE_METHOD_MATCH = YES;
				CODE_SIGN_IDENTITY = "iPhone Developer";
				COPY_PHASE_STRIP = NO;
				DEBUG_INFORMATION_FORMAT = "dwarf-with-dsym";
				ENABLE_NS_ASSERTIONS = NO;
				ENABLE_STRICT_OBJC_MSGSEND = YES;
				GCC_C_LANGUAGE_STANDARD = gnu11;
				GCC_NO_COMMON_BLOCKS = YES;
				GCC_WARN_64_TO_32_BIT_CONVERSION = YES;
				GCC_WARN_ABOUT_RETURN_TYPE = YES_ERROR;
				GCC_WARN_UNDECLARED_SELECTOR = YES;
				GCC_WARN_UNINITIALIZED_AUTOS = YES_AGGRESSIVE;
				GCC_WARN_UNUSED_FUNCTION = YES;
				GCC_WARN_UNUSED_VARIABLE = YES;
				IPHONEOS_DEPLOYMENT_TARGET = 11.4;
				MTL_ENABLE_DEBUG_INFO = NO;
				SDKROOT = iphoneos;
				SWIFT_COMPILATION_MODE = wholemodule;
				SWIFT_OPTIMIZATION_LEVEL = "-O";
				VALIDATE_PRODUCT = YES;
			};
			name = Release;
		};
		ED77491D215633F800E16BBF /* Debug */ = {
			isa = XCBuildConfiguration;
			baseConfigurationReference = 3E01E9DBBD81BC52FDEA2D68 /* Pods-openweathertest.debug.xcconfig */;
			buildSettings = {
				ASSETCATALOG_COMPILER_APPICON_NAME = AppIcon;
				CODE_SIGN_STYLE = Automatic;
				DEVELOPMENT_TEAM = 8XKG9LNKYV;
				INFOPLIST_FILE = openweathertest/Info.plist;
				LD_RUNPATH_SEARCH_PATHS = (
					"$(inherited)",
					"@executable_path/Frameworks",
				);
				PRODUCT_BUNDLE_IDENTIFIER = com.pancorp.openweathertest;
				PRODUCT_NAME = "$(TARGET_NAME)";
				SWIFT_VERSION = 4.0;
				TARGETED_DEVICE_FAMILY = "1,2";
			};
			name = Debug;
		};
		ED77491E215633F800E16BBF /* Release */ = {
			isa = XCBuildConfiguration;
			baseConfigurationReference = BE42568321CD3D36CCE17376 /* Pods-openweathertest.release.xcconfig */;
			buildSettings = {
				ASSETCATALOG_COMPILER_APPICON_NAME = AppIcon;
				CODE_SIGN_STYLE = Automatic;
				DEVELOPMENT_TEAM = 8XKG9LNKYV;
				INFOPLIST_FILE = openweathertest/Info.plist;
				LD_RUNPATH_SEARCH_PATHS = (
					"$(inherited)",
					"@executable_path/Frameworks",
				);
				PRODUCT_BUNDLE_IDENTIFIER = com.pancorp.openweathertest;
				PRODUCT_NAME = "$(TARGET_NAME)";
				SWIFT_VERSION = 4.0;
				TARGETED_DEVICE_FAMILY = "1,2";
			};
			name = Release;
		};
/* End XCBuildConfiguration section */

/* Begin XCConfigurationList section */
		ED774905215633F500E16BBF /* Build configuration list for PBXProject "openweathertest" */ = {
			isa = XCConfigurationList;
			buildConfigurations = (
				ED77491A215633F800E16BBF /* Debug */,
				ED77491B215633F800E16BBF /* Release */,
			);
			defaultConfigurationIsVisible = 0;
			defaultConfigurationName = Release;
		};
		ED77491C215633F800E16BBF /* Build configuration list for PBXNativeTarget "openweathertest" */ = {
			isa = XCConfigurationList;
			buildConfigurations = (
				ED77491D215633F800E16BBF /* Debug */,
				ED77491E215633F800E16BBF /* Release */,
			);
			defaultConfigurationIsVisible = 0;
			defaultConfigurationName = Release;
		};
/* End XCConfigurationList section */
	};
	rootObject = ED774902215633F500E16BBF /* Project object */;
}
